
Microsoft Visual Studio Solution File, Format Version 12.00
# Visual Studio Version 16
VisualStudioVersion = 16.0.29709.97
MinimumVisualStudioVersion = 10.0.40219.1
Project("{FAE04EC0-301F-11D3-BF4B-00C04F79EFBC}") = "Locadora", "Locadora\Locadora.csproj", "{B87667B3-D6E0-420D-A254-B43EC862DD5F}"
EndProject
Project("{FAE04EC0-301F-11D3-BF4B-00C04F79EFBC}") = "Locadora.Tests", "Locadora.Tests\Locadora.Tests.csproj", "{E84CA975-CEBD-4A1D-9598-0E55020ACD98}"
EndProject
Global
	GlobalSection(SolutionConfigurationPlatforms) = preSolution
		Debug|Any CPU = Debug|Any CPU
		Release|Any CPU = Release|Any CPU
	EndGlobalSection
	GlobalSection(ProjectConfigurationPlatforms) = postSolution
		{B87667B3-D6E0-420D-A254-B43EC862DD5F}.Debug|Any CPU.ActiveCfg = Debug|Any CPU
		{B87667B3-D6E0-420D-A254-B43EC862DD5F}.Debug|Any CPU.Build.0 = Debug|Any CPU
		{B87667B3-D6E0-420D-A254-B43EC862DD5F}.Release|Any CPU.ActiveCfg = Release|Any CPU
		{B87667B3-D6E0-420D-A254-B43EC862DD5F}.Release|Any CPU.Build.0 = Release|Any CPU
		{E84CA975-CEBD-4A1D-9598-0E55020ACD98}.Debug|Any CPU.ActiveCfg = Debug|Any CPU
		{E84CA975-CEBD-4A1D-9598-0E55020ACD98}.Debug|Any CPU.Build.0 = Debug|Any CPU
		{E84CA975-CEBD-4A1D-9598-0E55020ACD98}.Release|Any CPU.ActiveCfg = Release|Any CPU
		{E84CA975-CEBD-4A1D-9598-0E55020ACD98}.Release|Any CPU.Build.0 = Release|Any CPU
	EndGlobalSection
	GlobalSection(SolutionProperties) = preSolution
		HideSolutionNode = FALSE
	EndGlobalSection
	GlobalSection(ExtensibilityGlobals) = postSolution
		SolutionGuid = {B8895FB8-F6C6-4594-B2B0-1D89E6C0371D}
	EndGlobalSection
EndGlobal
