
Microsoft Visual Studio Solution File, Format Version 12.00
# Visual Studio Version 16
VisualStudioVersion = 16.0.29709.97
MinimumVisualStudioVersion = 10.0.40219.1
Project("{FAE04EC0-301F-11D3-BF4B-00C04F79EFBC}") = "Locadora.Entity", "Entity\Locadora.Entity.csproj", "{D7647246-9F8B-4BCB-94D6-F02773F8A40F}"
EndProject
Project("{FAE04EC0-301F-11D3-BF4B-00C04F79EFBC}") = "Locadora.Business", "Locadora.Business\Locadora.Business.csproj", "{25ACB2FD-7A30-4EE5-B895-CD883BF5FC58}"
EndProject
Project("{FAE04EC0-301F-11D3-BF4B-00C04F79EFBC}") = "Locadora.WebAPI", "Locadora.WebAPI\Locadora.WebAPI.csproj", "{B73DFE0E-0A81-4C53-B0EC-8BAF7D606562}"
EndProject
Project("{FAE04EC0-301F-11D3-BF4B-00C04F79EFBC}") = "Locadora.WebAPI.Tests", "Locadora.WebAPI.Tests\Locadora.WebAPI.Tests.csproj", "{DC18775F-793E-4B23-94AC-8203184138D1}"
EndProject
Global
	GlobalSection(SolutionConfigurationPlatforms) = preSolution
		Debug|Any CPU = Debug|Any CPU
		Release|Any CPU = Release|Any CPU
	EndGlobalSection
	GlobalSection(ProjectConfigurationPlatforms) = postSolution
		{D7647246-9F8B-4BCB-94D6-F02773F8A40F}.Debug|Any CPU.ActiveCfg = Debug|Any CPU
		{D7647246-9F8B-4BCB-94D6-F02773F8A40F}.Debug|Any CPU.Build.0 = Debug|Any CPU
		{D7647246-9F8B-4BCB-94D6-F02773F8A40F}.Release|Any CPU.ActiveCfg = Release|Any CPU
		{D7647246-9F8B-4BCB-94D6-F02773F8A40F}.Release|Any CPU.Build.0 = Release|Any CPU
		{25ACB2FD-7A30-4EE5-B895-CD883BF5FC58}.Debug|Any CPU.ActiveCfg = Debug|Any CPU
		{25ACB2FD-7A30-4EE5-B895-CD883BF5FC58}.Debug|Any CPU.Build.0 = Debug|Any CPU
		{25ACB2FD-7A30-4EE5-B895-CD883BF5FC58}.Release|Any CPU.ActiveCfg = Release|Any CPU
		{25ACB2FD-7A30-4EE5-B895-CD883BF5FC58}.Release|Any CPU.Build.0 = Release|Any CPU
		{B73DFE0E-0A81-4C53-B0EC-8BAF7D606562}.Debug|Any CPU.ActiveCfg = Debug|Any CPU
		{B73DFE0E-0A81-4C53-B0EC-8BAF7D606562}.Debug|Any CPU.Build.0 = Debug|Any CPU
		{B73DFE0E-0A81-4C53-B0EC-8BAF7D606562}.Release|Any CPU.ActiveCfg = Release|Any CPU
		{B73DFE0E-0A81-4C53-B0EC-8BAF7D606562}.Release|Any CPU.Build.0 = Release|Any CPU
		{DC18775F-793E-4B23-94AC-8203184138D1}.Debug|Any CPU.ActiveCfg = Debug|Any CPU
		{DC18775F-793E-4B23-94AC-8203184138D1}.Debug|Any CPU.Build.0 = Debug|Any CPU
		{DC18775F-793E-4B23-94AC-8203184138D1}.Release|Any CPU.ActiveCfg = Release|Any CPU
		{DC18775F-793E-4B23-94AC-8203184138D1}.Release|Any CPU.Build.0 = Release|Any CPU
	EndGlobalSection
	GlobalSection(SolutionProperties) = preSolution
		HideSolutionNode = FALSE
	EndGlobalSection
	GlobalSection(ExtensibilityGlobals) = postSolution
		SolutionGuid = {B8895FB8-F6C6-4594-B2B0-1D89E6C0371D}
	EndGlobalSection
EndGlobal
